
Microsoft Visual Studio Solution File, Format Version 12.00
# Visual Studio Version 17
VisualStudioVersion = 17.3.32929.385
MinimumVisualStudioVersion = 10.0.40219.1
Project("{FAE04EC0-301F-11D3-BF4B-00C04F79EFBC}") = "05. Number 100200", "05. Number 100200\05. Number 100200.csproj", "{BD80219E-0561-4638-9D39-79385AFB041B}"
EndProject
Global
	GlobalSection(SolutionConfigurationPlatforms) = preSolution
		Debug|Any CPU = Debug|Any CPU
		Release|Any CPU = Release|Any CPU
	EndGlobalSection
	GlobalSection(ProjectConfigurationPlatforms) = postSolution
		{BD80219E-0561-4638-9D39-79385AFB041B}.Debug|Any CPU.ActiveCfg = Debug|Any CPU
		{BD80219E-0561-4638-9D39-79385AFB041B}.Debug|Any CPU.Build.0 = Debug|Any CPU
		{BD80219E-0561-4638-9D39-79385AFB041B}.Release|Any CPU.ActiveCfg = Release|Any CPU
		{BD80219E-0561-4638-9D39-79385AFB041B}.Release|Any CPU.Build.0 = Release|Any CPU
	EndGlobalSection
	GlobalSection(SolutionProperties) = preSolution
		HideSolutionNode = FALSE
	EndGlobalSection
	GlobalSection(ExtensibilityGlobals) = postSolution
		SolutionGuid = {A3B06469-FE7F-439A-A584-AF067AD2974D}
	EndGlobalSection
EndGlobal
